
Microsoft Visual Studio Solution File, Format Version 12.00
# Visual Studio Version 17
VisualStudioVersion = 17.11.35222.181
MinimumVisualStudioVersion = 10.0.40219.1
Project("{FAE04EC0-301F-11D3-BF4B-00C04F79EFBC}") = "inlämning nivå 9", "inlämning nivå 9\inlämning nivå 9.csproj", "{39D26D06-2A34-483D-B28B-1B519996A680}"
EndProject
Global
	GlobalSection(SolutionConfigurationPlatforms) = preSolution
		Debug|Any CPU = Debug|Any CPU
		Release|Any CPU = Release|Any CPU
	EndGlobalSection
	GlobalSection(ProjectConfigurationPlatforms) = postSolution
		{39D26D06-2A34-483D-B28B-1B519996A680}.Debug|Any CPU.ActiveCfg = Debug|Any CPU
		{39D26D06-2A34-483D-B28B-1B519996A680}.Debug|Any CPU.Build.0 = Debug|Any CPU
		{39D26D06-2A34-483D-B28B-1B519996A680}.Release|Any CPU.ActiveCfg = Release|Any CPU
		{39D26D06-2A34-483D-B28B-1B519996A680}.Release|Any CPU.Build.0 = Release|Any CPU
	EndGlobalSection
	GlobalSection(SolutionProperties) = preSolution
		HideSolutionNode = FALSE
	EndGlobalSection
	GlobalSection(ExtensibilityGlobals) = postSolution
		SolutionGuid = {C3218606-5003-4EFC-BD92-64D31EECD590}
	EndGlobalSection
EndGlobal
